<?xml version="1.0" encoding="utf-8"?>
<Project ToolsVersion="4.0" xmlns="http://schemas.microsoft.com/developer/msbuild/2003">
  <ItemGroup>
    <ClInclude Include="service_init.h" />
    <ClInclude Include="logic\gateway_mgr.h">
      <Filter>logic</Filter>
    </ClInclude>
    <ClInclude Include="..\SharedDir\dao\model_user.h">
      <Filter>SharedDir\dao</Filter>
    </ClInclude>
    <ClInclude Include="logic\gateway_role.h">
      <Filter>logic</Filter>
    </ClInclude>
    <ClInclude Include="..\PBMsg\BusinessMsg\login_msg.pb.h">
      <Filter>PBMsg\BusinessMsg</Filter>
    </ClInclude>
    <ClInclude Include="..\PBMsg\BusinessMsg\rpc_login.pb.h">
      <Filter>PBMsg\BusinessMsg</Filter>
    </ClInclude>
  </ItemGroup>
  <ItemGroup>
    <ClCompile Include="main.cpp" />
    <ClCompile Include="service_init.cpp" />
    <ClCompile Include="logic\gateway_mgr.cpp">
      <Filter>logic</Filter>
    </ClCompile>
    <ClCompile Include="logic\gateway_role.cpp">
      <Filter>logic</Filter>
    </ClCompile>
    <ClCompile Include="..\PBMsg\BusinessMsg\login_msg.pb.cc">
      <Filter>PBMsg\BusinessMsg</Filter>
    </ClCompile>
    <ClCompile Include="..\PBMsg\BusinessMsg\rpc_login.pb.cc">
      <Filter>PBMsg\BusinessMsg</Filter>
    </ClCompile>
  </ItemGroup>
  <ItemGroup>
    <Filter Include="logic">
      <UniqueIdentifier>{9fc74d54-78ab-468b-86fd-ba95ecfd17e9}</UniqueIdentifier>
    </Filter>
    <Filter Include="SharedDir">
      <UniqueIdentifier>{9de18d71-708b-4f67-a8a6-2d973d88ca9a}</UniqueIdentifier>
    </Filter>
    <Filter Include="SharedDir\dao">
      <UniqueIdentifier>{0b702e53-b791-485b-93f1-eaa573f0b1c3}</UniqueIdentifier>
    </Filter>
    <Filter Include="PBMsg">
      <UniqueIdentifier>{eb962bca-ace8-46bd-9a57-bcaa5f8a7fb2}</UniqueIdentifier>
    </Filter>
    <Filter Include="PBMsg\BusinessMsg">
      <UniqueIdentifier>{a3705980-028c-4998-b21a-485fef471537}</UniqueIdentifier>
    </Filter>
  </ItemGroup>
</Project>