<?xml version="1.0" encoding="utf-8"?>
<Project ToolsVersion="4.0" xmlns="http://schemas.microsoft.com/developer/msbuild/2003">
  <ItemGroup>
    <ClInclude Include="service_init.h" />
    <ClInclude Include="logic\gateway_mgr.h">
      <Filter>logic</Filter>
    </ClInclude>
    <ClInclude Include="logic\model_user.h">
      <Filter>logic</Filter>
    </ClInclude>
  </ItemGroup>
  <ItemGroup>
    <ClCompile Include="main.cpp" />
    <ClCompile Include="service_init.cpp" />
    <ClCompile Include="logic\gateway_mgr.cpp">
      <Filter>logic</Filter>
    </ClCompile>
    <ClCompile Include="logic\model_user.cpp">
      <Filter>logic</Filter>
    </ClCompile>
  </ItemGroup>
  <ItemGroup>
    <Filter Include="logic">
      <UniqueIdentifier>{9fc74d54-78ab-468b-86fd-ba95ecfd17e9}</UniqueIdentifier>
    </Filter>
  </ItemGroup>
</Project>