<?xml version="1.0" encoding="utf-8"?>
<Project ToolsVersion="4.0" xmlns="http://schemas.microsoft.com/developer/msbuild/2003">
  <ItemGroup>
    <Filter Include="common">
      <UniqueIdentifier>{09156f59-cf45-4d8a-9ad3-547f8caab9d8}</UniqueIdentifier>
    </Filter>
    <Filter Include="event">
      <UniqueIdentifier>{a437f882-3820-442e-abde-72a18b1cf68a}</UniqueIdentifier>
    </Filter>
    <Filter Include="network">
      <UniqueIdentifier>{15b6a6e4-0a2f-4789-9afa-80ed1a50d5ed}</UniqueIdentifier>
    </Filter>
    <Filter Include="api">
      <UniqueIdentifier>{7c3d68e4-118c-46e5-9b76-555421e04c51}</UniqueIdentifier>
    </Filter>
    <Filter Include="singleton">
      <UniqueIdentifier>{7e65b5e2-74b0-4fa9-9c91-c8a13237678a}</UniqueIdentifier>
    </Filter>
    <Filter Include="serialization">
      <UniqueIdentifier>{2d4affed-537d-4fd6-aaa6-a46dc71a0c43}</UniqueIdentifier>
    </Filter>
    <Filter Include="pb">
      <UniqueIdentifier>{c495d341-8503-4616-8dae-5cb990bfce80}</UniqueIdentifier>
    </Filter>
    <Filter Include="base">
      <UniqueIdentifier>{25f0b41d-abb2-4dd8-9b7e-e15aa35ebc23}</UniqueIdentifier>
    </Filter>
    <Filter Include="mysql_driver">
      <UniqueIdentifier>{e1d2a02f-ef6b-4ceb-9bb0-f6b9024196f8}</UniqueIdentifier>
    </Filter>
    <Filter Include="crypto">
      <UniqueIdentifier>{10cfd437-80df-45d3-94a9-9ba0a739444f}</UniqueIdentifier>
    </Filter>
    <Filter Include="filesystem">
      <UniqueIdentifier>{755630d5-90cb-4d03-bec1-cd7cee33502f}</UniqueIdentifier>
    </Filter>
    <Filter Include="http">
      <UniqueIdentifier>{a0d82ed2-8cf5-4770-a906-e7285fb68676}</UniqueIdentifier>
    </Filter>
    <Filter Include="rpc">
      <UniqueIdentifier>{0360f5e6-d4a9-4cb4-ad23-1344147be2a6}</UniqueIdentifier>
    </Filter>
    <Filter Include="rpc\rpc_client">
      <UniqueIdentifier>{6e476114-90a7-4ddc-9173-cdb9d01ea044}</UniqueIdentifier>
    </Filter>
    <Filter Include="rpc\rpc_server">
      <UniqueIdentifier>{bf6794c7-d915-44a3-b739-cd2736118847}</UniqueIdentifier>
    </Filter>
    <Filter Include="compressor">
      <UniqueIdentifier>{02cb0a7c-e270-4a85-96bd-632ba4bd65e2}</UniqueIdentifier>
    </Filter>
    <Filter Include="decompressor">
      <UniqueIdentifier>{232b9ee9-4159-4f56-a24b-e134b056bea7}</UniqueIdentifier>
    </Filter>
    <Filter Include="third_party">
      <UniqueIdentifier>{58547d08-2146-4f57-a115-00c898aa10fe}</UniqueIdentifier>
    </Filter>
    <Filter Include="third_party\tinyxml2">
      <UniqueIdentifier>{4a096f2c-becf-4d67-9432-40e1d4692880}</UniqueIdentifier>
    </Filter>
    <Filter Include="third_party\http-parser">
      <UniqueIdentifier>{8f638030-3731-4bda-8096-10fdd038eb16}</UniqueIdentifier>
    </Filter>
    <Filter Include="third_party\jsoncpp">
      <UniqueIdentifier>{b0b992c5-9b0f-4039-97b9-bf73ffe5b5f5}</UniqueIdentifier>
    </Filter>
    <Filter Include="third_party\jsoncpp\include">
      <UniqueIdentifier>{26be6ae9-7e06-4da0-a9d8-f9b0c018cd74}</UniqueIdentifier>
    </Filter>
    <Filter Include="third_party\jsoncpp\src">
      <UniqueIdentifier>{0feaca00-e53e-402b-8fdd-9b999f20ae6a}</UniqueIdentifier>
    </Filter>
    <Filter Include="third_party\jsoncpp\include\json">
      <UniqueIdentifier>{2d9f1354-b8d6-4c89-849a-1028c7077395}</UniqueIdentifier>
    </Filter>
    <Filter Include="third_party\jsoncpp\src\lib_json">
      <UniqueIdentifier>{05f098f8-559e-44bd-82d6-202bc5e2cf23}</UniqueIdentifier>
    </Filter>
  </ItemGroup>
  <ItemGroup>
    <ClInclude Include="common\c_smart_ptr.h">
      <Filter>common</Filter>
    </ClInclude>
    <ClInclude Include="common\empty_string.h">
      <Filter>common</Filter>
    </ClInclude>
    <ClInclude Include="common\enum_to_int.h">
      <Filter>common</Filter>
    </ClInclude>
    <ClInclude Include="common\pure.h">
      <Filter>common</Filter>
    </ClInclude>
    <ClInclude Include="common\time.h">
      <Filter>common</Filter>
    </ClInclude>
    <ClInclude Include="event\deferred_deletable.h">
      <Filter>event</Filter>
    </ClInclude>
    <ClInclude Include="event\dispatched_thread.h">
      <Filter>event</Filter>
    </ClInclude>
    <ClInclude Include="event\dispatcher.h">
      <Filter>event</Filter>
    </ClInclude>
    <ClInclude Include="event\dispatcher_impl.h">
      <Filter>event</Filter>
    </ClInclude>
    <ClInclude Include="event\event_impl_base.h">
      <Filter>event</Filter>
    </ClInclude>
    <ClInclude Include="event\file_event.h">
      <Filter>event</Filter>
    </ClInclude>
    <ClInclude Include="event\file_event_impl.h">
      <Filter>event</Filter>
    </ClInclude>
    <ClInclude Include="event\libevent.h">
      <Filter>event</Filter>
    </ClInclude>
    <ClInclude Include="event\libevent_scheduler.h">
      <Filter>event</Filter>
    </ClInclude>
    <ClInclude Include="event\real_time_system.h">
      <Filter>event</Filter>
    </ClInclude>
    <ClInclude Include="event\signal.h">
      <Filter>event</Filter>
    </ClInclude>
    <ClInclude Include="event\signal_impl.h">
      <Filter>event</Filter>
    </ClInclude>
    <ClInclude Include="event\timer.h">
      <Filter>event</Filter>
    </ClInclude>
    <ClInclude Include="event\timer_impl.h">
      <Filter>event</Filter>
    </ClInclude>
    <ClInclude Include="network\listener.h">
      <Filter>network</Filter>
    </ClInclude>
    <ClInclude Include="network\listener_impl.h">
      <Filter>network</Filter>
    </ClInclude>
    <ClInclude Include="api\api.h">
      <Filter>api</Filter>
    </ClInclude>
    <ClInclude Include="api\api_impl.h">
      <Filter>api</Filter>
    </ClInclude>
    <ClInclude Include="network\windows_platform.h">
      <Filter>network</Filter>
    </ClInclude>
    <ClInclude Include="common\utility.h">
      <Filter>common</Filter>
    </ClInclude>
    <ClInclude Include="network\platform_impl.h">
      <Filter>network</Filter>
    </ClInclude>
    <ClInclude Include="singleton\const_singleton.h">
      <Filter>singleton</Filter>
    </ClInclude>
    <ClInclude Include="singleton\instance.h">
      <Filter>singleton</Filter>
    </ClInclude>
    <ClInclude Include="singleton\threadsafe_singleton.h">
      <Filter>singleton</Filter>
    </ClInclude>
    <ClInclude Include="network\address.h">
      <Filter>network</Filter>
    </ClInclude>
    <ClInclude Include="network\i_poll_events.hpp">
      <Filter>network</Filter>
    </ClInclude>
    <ClInclude Include="..\PBMsg\login_msg.pb.h">
      <Filter>pb</Filter>
    </ClInclude>
    <ClInclude Include="api\pb_handler.h">
      <Filter>api</Filter>
    </ClInclude>
    <ClInclude Include="network\object.hpp">
      <Filter>network</Filter>
    </ClInclude>
    <ClInclude Include="network\output_stream.h">
      <Filter>network</Filter>
    </ClInclude>
    <ClInclude Include="base\macros.h">
      <Filter>base</Filter>
    </ClInclude>
    <ClInclude Include="common\macros.h">
      <Filter>common</Filter>
    </ClInclude>
    <ClInclude Include="common\time_conversion.h">
      <Filter>common</Filter>
    </ClInclude>
    <ClInclude Include="apie.h" />
    <ClInclude Include="common\message_traits.h">
      <Filter>common</Filter>
    </ClInclude>
    <ClInclude Include="mysql_driver\mysql_connector.h">
      <Filter>mysql_driver</Filter>
    </ClInclude>
    <ClInclude Include="mysql_driver\result_set.h">
      <Filter>mysql_driver</Filter>
    </ClInclude>
    <ClInclude Include="mysql_driver\mysql_field.h">
      <Filter>mysql_driver</Filter>
    </ClInclude>
    <ClInclude Include="mysql_driver\mysql_table.h">
      <Filter>mysql_driver</Filter>
    </ClInclude>
    <ClInclude Include="crypto\crypto_utility.h">
      <Filter>crypto</Filter>
    </ClInclude>
    <ClInclude Include="..\PBMsg\mysql_proxy_msg.pb.h">
      <Filter>pb</Filter>
    </ClInclude>
    <ClInclude Include="mysql_driver\mysql_orm.h">
      <Filter>mysql_driver</Filter>
    </ClInclude>
    <ClInclude Include="network\client_connection.h">
      <Filter>network</Filter>
    </ClInclude>
    <ClInclude Include="network\logger.h">
      <Filter>network</Filter>
    </ClInclude>
    <ClInclude Include="filesystem\directory.h">
      <Filter>filesystem</Filter>
    </ClInclude>
    <ClInclude Include="common\string_utils.h">
      <Filter>common</Filter>
    </ClInclude>
    <ClInclude Include="network\client_proxy.h">
      <Filter>network</Filter>
    </ClInclude>
    <ClInclude Include="common\exception_trap.h">
      <Filter>common</Filter>
    </ClInclude>
    <ClInclude Include="api\hook.h">
      <Filter>api</Filter>
    </ClInclude>
    <ClInclude Include="network\ctx.h">
      <Filter>network</Filter>
    </ClInclude>
    <ClInclude Include="network\command.h">
      <Filter>network</Filter>
    </ClInclude>
    <ClInclude Include="network\signaler.h">
      <Filter>network</Filter>
    </ClInclude>
    <ClInclude Include="network\mailbox.h">
      <Filter>network</Filter>
    </ClInclude>
    <ClInclude Include="serialization\byte_buffer.h">
      <Filter>serialization</Filter>
    </ClInclude>
    <ClInclude Include="serialization\protocol_head.h">
      <Filter>serialization</Filter>
    </ClInclude>
    <ClInclude Include="common\file.h">
      <Filter>common</Filter>
    </ClInclude>
    <ClInclude Include="api\pubsub.h">
      <Filter>api</Filter>
    </ClInclude>
    <ClInclude Include="..\PBMsg\pubsub.pb.h">
      <Filter>pb</Filter>
    </ClInclude>
    <ClInclude Include="http\http_common.h">
      <Filter>http</Filter>
    </ClInclude>
    <ClInclude Include="http\http_parser_impl.h">
      <Filter>http</Filter>
    </ClInclude>
    <ClInclude Include="http\http_parser_settings.h">
      <Filter>http</Filter>
    </ClInclude>
    <ClInclude Include="http\http_request.h">
      <Filter>http</Filter>
    </ClInclude>
    <ClInclude Include="http\http_request_decoder.h">
      <Filter>http</Filter>
    </ClInclude>
    <ClInclude Include="http\http_response.h">
      <Filter>http</Filter>
    </ClInclude>
    <ClInclude Include="http\http_response_decoder.h">
      <Filter>http</Filter>
    </ClInclude>
    <ClInclude Include="http\http_util.h">
      <Filter>http</Filter>
    </ClInclude>
    <ClInclude Include="http\string_util.h">
      <Filter>http</Filter>
    </ClInclude>
    <ClInclude Include="common\noncopyable.h">
      <Filter>common</Filter>
    </ClInclude>
    <ClInclude Include="rpc\init.h">
      <Filter>rpc</Filter>
    </ClInclude>
    <ClInclude Include="rpc\client\rpc_client.h">
      <Filter>rpc\rpc_client</Filter>
    </ClInclude>
    <ClInclude Include="rpc\server\rpc_server.h">
      <Filter>rpc\rpc_server</Filter>
    </ClInclude>
    <ClInclude Include="..\PBMsg\rpc_msg.pb.h">
      <Filter>pb</Filter>
    </ClInclude>
    <ClInclude Include="..\PBMsg\opcodes.pb.h">
      <Filter>pb</Filter>
    </ClInclude>
    <ClInclude Include="network\end_point.h">
      <Filter>network</Filter>
    </ClInclude>
    <ClInclude Include="..\PBMsg\service_discovery.pb.h">
      <Filter>pb</Filter>
    </ClInclude>
    <ClInclude Include="..\PBMsg\route_register.pb.h">
      <Filter>pb</Filter>
    </ClInclude>
    <ClInclude Include="network\server_connection.h">
      <Filter>network</Filter>
    </ClInclude>
    <ClInclude Include="api\os_sys_calls.h">
      <Filter>api</Filter>
    </ClInclude>
    <ClInclude Include="..\PBMsg\common.pb.h">
      <Filter>pb</Filter>
    </ClInclude>
    <ClInclude Include="api\forward_handler.h">
      <Filter>api</Filter>
    </ClInclude>
    <ClInclude Include="mysql_driver\dao_factory.h">
      <Filter>mysql_driver</Filter>
    </ClInclude>
    <ClInclude Include="compressor\compressor.h">
      <Filter>compressor</Filter>
    </ClInclude>
    <ClInclude Include="compressor\lz4_compressor_impl.h">
      <Filter>compressor</Filter>
    </ClInclude>
    <ClInclude Include="decompressor\decompressor.h">
      <Filter>decompressor</Filter>
    </ClInclude>
    <ClInclude Include="decompressor\lz4_decompressor_impl.h">
      <Filter>decompressor</Filter>
    </ClInclude>
    <ClInclude Include="..\ThirdParty\tinyxml2\tinyxml2.h">
      <Filter>third_party\tinyxml2</Filter>
    </ClInclude>
    <ClInclude Include="..\ThirdParty\http-parser\http_parser.h">
      <Filter>third_party\http-parser</Filter>
    </ClInclude>
    <ClInclude Include="..\ThirdParty\jsoncpp\include\json\allocator.h">
      <Filter>third_party\jsoncpp\include\json</Filter>
    </ClInclude>
    <ClInclude Include="..\ThirdParty\jsoncpp\include\json\assertions.h">
      <Filter>third_party\jsoncpp\include\json</Filter>
    </ClInclude>
    <ClInclude Include="..\ThirdParty\jsoncpp\include\json\config.h">
      <Filter>third_party\jsoncpp\include\json</Filter>
    </ClInclude>
    <ClInclude Include="..\ThirdParty\jsoncpp\include\json\forwards.h">
      <Filter>third_party\jsoncpp\include\json</Filter>
    </ClInclude>
    <ClInclude Include="..\ThirdParty\jsoncpp\include\json\json.h">
      <Filter>third_party\jsoncpp\include\json</Filter>
    </ClInclude>
    <ClInclude Include="..\ThirdParty\jsoncpp\include\json\json_features.h">
      <Filter>third_party\jsoncpp\include\json</Filter>
    </ClInclude>
    <ClInclude Include="..\ThirdParty\jsoncpp\include\json\reader.h">
      <Filter>third_party\jsoncpp\include\json</Filter>
    </ClInclude>
    <ClInclude Include="..\ThirdParty\jsoncpp\include\json\value.h">
      <Filter>third_party\jsoncpp\include\json</Filter>
    </ClInclude>
    <ClInclude Include="..\ThirdParty\jsoncpp\include\json\version.h">
      <Filter>third_party\jsoncpp\include\json</Filter>
    </ClInclude>
    <ClInclude Include="..\ThirdParty\jsoncpp\include\json\writer.h">
      <Filter>third_party\jsoncpp\include\json</Filter>
    </ClInclude>
    <ClInclude Include="..\ThirdParty\jsoncpp\src\lib_json\json_tool.h">
      <Filter>third_party\jsoncpp\src\lib_json</Filter>
    </ClInclude>
    <ClInclude Include="api\logiccmd_handler.h">
      <Filter>api</Filter>
    </ClInclude>
  </ItemGroup>
  <ItemGroup>
    <ClCompile Include="event\dispatched_thread.cc">
      <Filter>event</Filter>
    </ClCompile>
    <ClCompile Include="event\dispatcher_impl.cc">
      <Filter>event</Filter>
    </ClCompile>
    <ClCompile Include="event\event_impl_base.cc">
      <Filter>event</Filter>
    </ClCompile>
    <ClCompile Include="event\file_event_impl.cc">
      <Filter>event</Filter>
    </ClCompile>
    <ClCompile Include="event\libevent.cc">
      <Filter>event</Filter>
    </ClCompile>
    <ClCompile Include="event\libevent_scheduler.cc">
      <Filter>event</Filter>
    </ClCompile>
    <ClCompile Include="event\real_time_system.cc">
      <Filter>event</Filter>
    </ClCompile>
    <ClCompile Include="event\signal_impl.cc">
      <Filter>event</Filter>
    </ClCompile>
    <ClCompile Include="event\timer_impl.cc">
      <Filter>event</Filter>
    </ClCompile>
    <ClCompile Include="network\listener_impl.cc">
      <Filter>network</Filter>
    </ClCompile>
    <ClCompile Include="api\api_impl.cc">
      <Filter>api</Filter>
    </ClCompile>
    <ClCompile Include="common\utility.cc">
      <Filter>common</Filter>
    </ClCompile>
    <ClCompile Include="network\address.cc">
      <Filter>network</Filter>
    </ClCompile>
    <ClCompile Include="..\PBMsg\login_msg.pb.cc">
      <Filter>pb</Filter>
    </ClCompile>
    <ClCompile Include="api\pb_handler.cc">
      <Filter>api</Filter>
    </ClCompile>
    <ClCompile Include="network\object.cpp">
      <Filter>network</Filter>
    </ClCompile>
    <ClCompile Include="network\output_stream.cc">
      <Filter>network</Filter>
    </ClCompile>
    <ClCompile Include="mysql_driver\mysql_connector.cpp">
      <Filter>mysql_driver</Filter>
    </ClCompile>
    <ClCompile Include="mysql_driver\result_set.cpp">
      <Filter>mysql_driver</Filter>
    </ClCompile>
    <ClCompile Include="mysql_driver\mysql_field.cpp">
      <Filter>mysql_driver</Filter>
    </ClCompile>
    <ClCompile Include="mysql_driver\mysql_table.cpp">
      <Filter>mysql_driver</Filter>
    </ClCompile>
    <ClCompile Include="crypto\crypto_utility.cc">
      <Filter>crypto</Filter>
    </ClCompile>
    <ClCompile Include="..\PBMsg\mysql_proxy_msg.pb.cc">
      <Filter>pb</Filter>
    </ClCompile>
    <ClCompile Include="mysql_driver\mysql_orm.cpp">
      <Filter>mysql_driver</Filter>
    </ClCompile>
    <ClCompile Include="network\client_connection.cpp">
      <Filter>network</Filter>
    </ClCompile>
    <ClCompile Include="network\logger.cpp">
      <Filter>network</Filter>
    </ClCompile>
    <ClCompile Include="filesystem\directory.cpp">
      <Filter>filesystem</Filter>
    </ClCompile>
    <ClCompile Include="common\string_utils.cpp">
      <Filter>common</Filter>
    </ClCompile>
    <ClCompile Include="network\client_proxy.cpp">
      <Filter>network</Filter>
    </ClCompile>
    <ClCompile Include="common\exception_trap.cpp">
      <Filter>common</Filter>
    </ClCompile>
    <ClCompile Include="api\hook.cc">
      <Filter>api</Filter>
    </ClCompile>
    <ClCompile Include="network\ctx.cpp">
      <Filter>network</Filter>
    </ClCompile>
    <ClCompile Include="network\command.cpp">
      <Filter>network</Filter>
    </ClCompile>
    <ClCompile Include="network\signaler.cpp">
      <Filter>network</Filter>
    </ClCompile>
    <ClCompile Include="serialization\byte_buffer.cpp">
      <Filter>serialization</Filter>
    </ClCompile>
    <ClCompile Include="serialization\protocol_head.cpp">
      <Filter>serialization</Filter>
    </ClCompile>
    <ClCompile Include="common\file.cc">
      <Filter>common</Filter>
    </ClCompile>
    <ClCompile Include="api\pubsub.cc">
      <Filter>api</Filter>
    </ClCompile>
    <ClCompile Include="..\PBMsg\pubsub.pb.cc">
      <Filter>pb</Filter>
    </ClCompile>
    <ClCompile Include="http\http_parser_impl.cpp">
      <Filter>http</Filter>
    </ClCompile>
    <ClCompile Include="http\http_parser_settings.cpp">
      <Filter>http</Filter>
    </ClCompile>
    <ClCompile Include="http\http_request.cpp">
      <Filter>http</Filter>
    </ClCompile>
    <ClCompile Include="http\http_request_decoder.cpp">
      <Filter>http</Filter>
    </ClCompile>
    <ClCompile Include="http\http_response.cpp">
      <Filter>http</Filter>
    </ClCompile>
    <ClCompile Include="http\http_response_decoder.cpp">
      <Filter>http</Filter>
    </ClCompile>
    <ClCompile Include="http\http_util.cpp">
      <Filter>http</Filter>
    </ClCompile>
    <ClCompile Include="http\string_util.cpp">
      <Filter>http</Filter>
    </ClCompile>
    <ClCompile Include="rpc\client\rpc_client.cpp">
      <Filter>rpc\rpc_client</Filter>
    </ClCompile>
    <ClCompile Include="rpc\server\rpc_server.cpp">
      <Filter>rpc\rpc_server</Filter>
    </ClCompile>
    <ClCompile Include="..\PBMsg\rpc_msg.pb.cc">
      <Filter>pb</Filter>
    </ClCompile>
    <ClCompile Include="..\PBMsg\opcodes.pb.cc">
      <Filter>pb</Filter>
    </ClCompile>
    <ClCompile Include="rpc\init.cpp">
      <Filter>rpc</Filter>
    </ClCompile>
    <ClCompile Include="network\end_point.cpp">
      <Filter>network</Filter>
    </ClCompile>
    <ClCompile Include="..\PBMsg\service_discovery.pb.cc">
      <Filter>pb</Filter>
    </ClCompile>
    <ClCompile Include="..\PBMsg\route_register.pb.cc">
      <Filter>pb</Filter>
    </ClCompile>
    <ClCompile Include="network\server_connection.cpp">
      <Filter>network</Filter>
    </ClCompile>
    <ClCompile Include="api\os_sys_calls.cc">
      <Filter>api</Filter>
    </ClCompile>
    <ClCompile Include="..\PBMsg\common.pb.cc">
      <Filter>pb</Filter>
    </ClCompile>
    <ClCompile Include="api\forward_handler.cc">
      <Filter>api</Filter>
    </ClCompile>
    <ClCompile Include="mysql_driver\dao_factory.cpp">
      <Filter>mysql_driver</Filter>
    </ClCompile>
    <ClCompile Include="compressor\lz4_compressor_impl.cc">
      <Filter>compressor</Filter>
    </ClCompile>
    <ClCompile Include="decompressor\lz4_decompressor_impl.cc">
      <Filter>decompressor</Filter>
    </ClCompile>
    <ClCompile Include="..\ThirdParty\tinyxml2\tinyxml2.cpp">
      <Filter>third_party\tinyxml2</Filter>
    </ClCompile>
    <ClCompile Include="..\ThirdParty\http-parser\http_parser.c">
      <Filter>third_party\http-parser</Filter>
    </ClCompile>
    <ClCompile Include="..\ThirdParty\jsoncpp\src\lib_json\json_reader.cpp">
      <Filter>third_party\jsoncpp\src\lib_json</Filter>
    </ClCompile>
    <ClCompile Include="..\ThirdParty\jsoncpp\src\lib_json\json_value.cpp">
      <Filter>third_party\jsoncpp\src\lib_json</Filter>
    </ClCompile>
    <ClCompile Include="..\ThirdParty\jsoncpp\src\lib_json\json_writer.cpp">
      <Filter>third_party\jsoncpp\src\lib_json</Filter>
    </ClCompile>
    <ClCompile Include="api\logiccmd_handler.cc">
      <Filter>api</Filter>
    </ClCompile>
  </ItemGroup>
  <ItemGroup>
    <None Include="..\ThirdParty\jsoncpp\src\lib_json\json_valueiterator.inl">
      <Filter>third_party\jsoncpp\src\lib_json</Filter>
    </None>
  </ItemGroup>
</Project>