<?xml version="1.0" encoding="utf-8"?>
<Project ToolsVersion="4.0" xmlns="http://schemas.microsoft.com/developer/msbuild/2003">
  <ItemGroup>
    <Filter Include="common">
      <UniqueIdentifier>{09156f59-cf45-4d8a-9ad3-547f8caab9d8}</UniqueIdentifier>
    </Filter>
    <Filter Include="event">
      <UniqueIdentifier>{a437f882-3820-442e-abde-72a18b1cf68a}</UniqueIdentifier>
    </Filter>
    <Filter Include="network">
      <UniqueIdentifier>{15b6a6e4-0a2f-4789-9afa-80ed1a50d5ed}</UniqueIdentifier>
    </Filter>
    <Filter Include="api">
      <UniqueIdentifier>{7c3d68e4-118c-46e5-9b76-555421e04c51}</UniqueIdentifier>
    </Filter>
    <Filter Include="singleton">
      <UniqueIdentifier>{7e65b5e2-74b0-4fa9-9c91-c8a13237678a}</UniqueIdentifier>
    </Filter>
    <Filter Include="serialization">
      <UniqueIdentifier>{2d4affed-537d-4fd6-aaa6-a46dc71a0c43}</UniqueIdentifier>
    </Filter>
    <Filter Include="pb">
      <UniqueIdentifier>{c495d341-8503-4616-8dae-5cb990bfce80}</UniqueIdentifier>
    </Filter>
    <Filter Include="base">
      <UniqueIdentifier>{25f0b41d-abb2-4dd8-9b7e-e15aa35ebc23}</UniqueIdentifier>
    </Filter>
    <Filter Include="mysql_driver">
      <UniqueIdentifier>{e1d2a02f-ef6b-4ceb-9bb0-f6b9024196f8}</UniqueIdentifier>
    </Filter>
    <Filter Include="crypto">
      <UniqueIdentifier>{10cfd437-80df-45d3-94a9-9ba0a739444f}</UniqueIdentifier>
    </Filter>
  </ItemGroup>
  <ItemGroup>
    <ClInclude Include="common\c_smart_ptr.h">
      <Filter>common</Filter>
    </ClInclude>
    <ClInclude Include="common\empty_string.h">
      <Filter>common</Filter>
    </ClInclude>
    <ClInclude Include="common\enum_to_int.h">
      <Filter>common</Filter>
    </ClInclude>
    <ClInclude Include="common\pure.h">
      <Filter>common</Filter>
    </ClInclude>
    <ClInclude Include="common\time.h">
      <Filter>common</Filter>
    </ClInclude>
    <ClInclude Include="event\deferred_deletable.h">
      <Filter>event</Filter>
    </ClInclude>
    <ClInclude Include="event\dispatched_thread.h">
      <Filter>event</Filter>
    </ClInclude>
    <ClInclude Include="event\dispatcher.h">
      <Filter>event</Filter>
    </ClInclude>
    <ClInclude Include="event\dispatcher_impl.h">
      <Filter>event</Filter>
    </ClInclude>
    <ClInclude Include="event\event_impl_base.h">
      <Filter>event</Filter>
    </ClInclude>
    <ClInclude Include="event\file_event.h">
      <Filter>event</Filter>
    </ClInclude>
    <ClInclude Include="event\file_event_impl.h">
      <Filter>event</Filter>
    </ClInclude>
    <ClInclude Include="event\libevent.h">
      <Filter>event</Filter>
    </ClInclude>
    <ClInclude Include="event\libevent_scheduler.h">
      <Filter>event</Filter>
    </ClInclude>
    <ClInclude Include="event\real_time_system.h">
      <Filter>event</Filter>
    </ClInclude>
    <ClInclude Include="event\signal.h">
      <Filter>event</Filter>
    </ClInclude>
    <ClInclude Include="event\signal_impl.h">
      <Filter>event</Filter>
    </ClInclude>
    <ClInclude Include="event\timer.h">
      <Filter>event</Filter>
    </ClInclude>
    <ClInclude Include="event\timer_impl.h">
      <Filter>event</Filter>
    </ClInclude>
    <ClInclude Include="network\listener.h">
      <Filter>network</Filter>
    </ClInclude>
    <ClInclude Include="network\listener_impl.h">
      <Filter>network</Filter>
    </ClInclude>
    <ClInclude Include="api\api.h">
      <Filter>api</Filter>
    </ClInclude>
    <ClInclude Include="api\api_impl.h">
      <Filter>api</Filter>
    </ClInclude>
    <ClInclude Include="network\windows_platform.h">
      <Filter>network</Filter>
    </ClInclude>
    <ClInclude Include="common\utility.h">
      <Filter>common</Filter>
    </ClInclude>
    <ClInclude Include="network\platform_impl.h">
      <Filter>network</Filter>
    </ClInclude>
    <ClInclude Include="network\Command.h">
      <Filter>network</Filter>
    </ClInclude>
    <ClInclude Include="network\Mailbox.h">
      <Filter>network</Filter>
    </ClInclude>
    <ClInclude Include="network\Signaler.h">
      <Filter>network</Filter>
    </ClInclude>
    <ClInclude Include="network\Ctx.h">
      <Filter>network</Filter>
    </ClInclude>
    <ClInclude Include="singleton\const_singleton.h">
      <Filter>singleton</Filter>
    </ClInclude>
    <ClInclude Include="singleton\instance.h">
      <Filter>singleton</Filter>
    </ClInclude>
    <ClInclude Include="singleton\threadsafe_singleton.h">
      <Filter>singleton</Filter>
    </ClInclude>
    <ClInclude Include="network\address.h">
      <Filter>network</Filter>
    </ClInclude>
    <ClInclude Include="network\i_poll_events.hpp">
      <Filter>network</Filter>
    </ClInclude>
    <ClInclude Include="network\connection.h">
      <Filter>network</Filter>
    </ClInclude>
    <ClInclude Include="serialization\ByteBuffer.h">
      <Filter>serialization</Filter>
    </ClInclude>
    <ClInclude Include="serialization\ProtocolHead.h">
      <Filter>serialization</Filter>
    </ClInclude>
    <ClInclude Include="..\PBMsg\login_msg.pb.h">
      <Filter>pb</Filter>
    </ClInclude>
    <ClInclude Include="api\pb_handler.h">
      <Filter>api</Filter>
    </ClInclude>
    <ClInclude Include="network\object.hpp">
      <Filter>network</Filter>
    </ClInclude>
    <ClInclude Include="network\output_stream.h">
      <Filter>network</Filter>
    </ClInclude>
    <ClInclude Include="base\macros.h">
      <Filter>base</Filter>
    </ClInclude>
    <ClInclude Include="common\macros.h">
      <Filter>common</Filter>
    </ClInclude>
    <ClInclude Include="common\time_conversion.h">
      <Filter>common</Filter>
    </ClInclude>
    <ClInclude Include="apie.h" />
    <ClInclude Include="common\message_traits.h">
      <Filter>common</Filter>
    </ClInclude>
    <ClInclude Include="mysql_driver\mysql_connector.h">
      <Filter>mysql_driver</Filter>
    </ClInclude>
    <ClInclude Include="mysql_driver\result_set.h">
      <Filter>mysql_driver</Filter>
    </ClInclude>
    <ClInclude Include="mysql_driver\mysql_field.h">
      <Filter>mysql_driver</Filter>
    </ClInclude>
    <ClInclude Include="mysql_driver\mysql_table.h">
      <Filter>mysql_driver</Filter>
    </ClInclude>
    <ClInclude Include="crypto\crypto_utility.h">
      <Filter>crypto</Filter>
    </ClInclude>
    <ClInclude Include="..\PBMsg\mysql_proxy_msg.pb.h">
      <Filter>pb</Filter>
    </ClInclude>
    <ClInclude Include="mysql_driver\mysql_orm.h">
      <Filter>mysql_driver</Filter>
    </ClInclude>
  </ItemGroup>
  <ItemGroup>
    <ClCompile Include="event\dispatched_thread.cc">
      <Filter>event</Filter>
    </ClCompile>
    <ClCompile Include="event\dispatcher_impl.cc">
      <Filter>event</Filter>
    </ClCompile>
    <ClCompile Include="event\event_impl_base.cc">
      <Filter>event</Filter>
    </ClCompile>
    <ClCompile Include="event\file_event_impl.cc">
      <Filter>event</Filter>
    </ClCompile>
    <ClCompile Include="event\libevent.cc">
      <Filter>event</Filter>
    </ClCompile>
    <ClCompile Include="event\libevent_scheduler.cc">
      <Filter>event</Filter>
    </ClCompile>
    <ClCompile Include="event\real_time_system.cc">
      <Filter>event</Filter>
    </ClCompile>
    <ClCompile Include="event\signal_impl.cc">
      <Filter>event</Filter>
    </ClCompile>
    <ClCompile Include="event\timer_impl.cc">
      <Filter>event</Filter>
    </ClCompile>
    <ClCompile Include="network\listener_impl.cc">
      <Filter>network</Filter>
    </ClCompile>
    <ClCompile Include="api\api_impl.cc">
      <Filter>api</Filter>
    </ClCompile>
    <ClCompile Include="common\utility.cc">
      <Filter>common</Filter>
    </ClCompile>
    <ClCompile Include="network\Command.cpp">
      <Filter>network</Filter>
    </ClCompile>
    <ClCompile Include="network\Signaler.cpp">
      <Filter>network</Filter>
    </ClCompile>
    <ClCompile Include="network\Ctx.cpp">
      <Filter>network</Filter>
    </ClCompile>
    <ClCompile Include="network\address.cc">
      <Filter>network</Filter>
    </ClCompile>
    <ClCompile Include="network\connection.cpp">
      <Filter>network</Filter>
    </ClCompile>
    <ClCompile Include="serialization\ByteBuffer.cpp">
      <Filter>serialization</Filter>
    </ClCompile>
    <ClCompile Include="serialization\ProtocolHead.cpp">
      <Filter>serialization</Filter>
    </ClCompile>
    <ClCompile Include="..\PBMsg\login_msg.pb.cc">
      <Filter>pb</Filter>
    </ClCompile>
    <ClCompile Include="api\pb_handler.cc">
      <Filter>api</Filter>
    </ClCompile>
    <ClCompile Include="network\object.cpp">
      <Filter>network</Filter>
    </ClCompile>
    <ClCompile Include="network\output_stream.cc">
      <Filter>network</Filter>
    </ClCompile>
    <ClCompile Include="mysql_driver\mysql_connector.cpp">
      <Filter>mysql_driver</Filter>
    </ClCompile>
    <ClCompile Include="mysql_driver\result_set.cpp">
      <Filter>mysql_driver</Filter>
    </ClCompile>
    <ClCompile Include="mysql_driver\mysql_field.cpp">
      <Filter>mysql_driver</Filter>
    </ClCompile>
    <ClCompile Include="mysql_driver\mysql_table.cpp">
      <Filter>mysql_driver</Filter>
    </ClCompile>
    <ClCompile Include="crypto\crypto_utility.cc">
      <Filter>crypto</Filter>
    </ClCompile>
    <ClCompile Include="..\PBMsg\mysql_proxy_msg.pb.cc">
      <Filter>pb</Filter>
    </ClCompile>
    <ClCompile Include="mysql_driver\mysql_orm.cpp">
      <Filter>mysql_driver</Filter>
    </ClCompile>
  </ItemGroup>
</Project>